<?xml version="1.0" encoding="utf-8"?>
<Project ToolsVersion="4.0" xmlns="http://schemas.microsoft.com/developer/msbuild/2003">
  <ItemGroup>
    <ClCompile Include="Background.cpp" />
    <ClCompile Include="CollisionSystem.cpp" />
    <ClCompile Include="GameApplication.cpp" />
    <ClCompile Include="Player.cpp" />
    <ClCompile Include="StartMenu.cpp" />
    <ClCompile Include="Bullet.cpp" />
    <ClCompile Include="BaseEnemy.cpp" />
    <ClCompile Include="PlayerWeapon.cpp" />
    <ClCompile Include="Spawner.cpp" />
  </ItemGroup>
  <ItemGroup>
    <ClInclude Include="Background.h" />
    <ClInclude Include="CollisionSystem.h" />
    <ClInclude Include="GameApplication.h" />
    <ClInclude Include="Player.h" />
    <ClInclude Include="StartMenu.h" />
    <ClInclude Include="Bullet.h" />
    <ClInclude Include="BaseEnemy.h" />
    <ClInclude Include="EnemyWaveStraight.h" />
    <ClInclude Include="EnemyTripleCircular.h" />
    <ClInclude Include="EnemyDoubleWaveSweep.h" />
    <ClInclude Include="PlayerWeapon.h" />
    <ClInclude Include="Spawner.h" />
  </ItemGroup>
</Project>